
Microsoft Visual Studio Solution File, Format Version 12.00
# Visual Studio Version 17
VisualStudioVersion = 17.4.33205.214
MinimumVisualStudioVersion = 10.0.40219.1
Project("{9A19103F-16F7-4668-BE54-9A1E7A4F7556}") = "UsefulConsept", "UsefulConsept.csproj", "{6EF7A95E-6AC6-46BA-916A-430A351BF98A}"
EndProject
Project("{9A19103F-16F7-4668-BE54-9A1E7A4F7556}") = "AdvancedCSharp", "..\AdvancedCSharp\AdvancedCSharp.csproj", "{9959F77E-5512-4066-B6FD-8C06BB425165}"
EndProject
Project("{FAE04EC0-301F-11D3-BF4B-00C04F79EFBC}") = "MultiThreads", "..\MultiThreads\MultiThreads.csproj", "{5A21EFAA-C421-4535-B306-3FDF366CFFFC}"
EndProject
Global
	GlobalSection(SolutionConfigurationPlatforms) = preSolution
		Debug|Any CPU = Debug|Any CPU
		Release|Any CPU = Release|Any CPU
	EndGlobalSection
	GlobalSection(ProjectConfigurationPlatforms) = postSolution
		{6EF7A95E-6AC6-46BA-916A-430A351BF98A}.Debug|Any CPU.ActiveCfg = Debug|Any CPU
		{6EF7A95E-6AC6-46BA-916A-430A351BF98A}.Debug|Any CPU.Build.0 = Debug|Any CPU
		{6EF7A95E-6AC6-46BA-916A-430A351BF98A}.Release|Any CPU.ActiveCfg = Release|Any CPU
		{6EF7A95E-6AC6-46BA-916A-430A351BF98A}.Release|Any CPU.Build.0 = Release|Any CPU
		{9959F77E-5512-4066-B6FD-8C06BB425165}.Debug|Any CPU.ActiveCfg = Debug|Any CPU
		{9959F77E-5512-4066-B6FD-8C06BB425165}.Debug|Any CPU.Build.0 = Debug|Any CPU
		{9959F77E-5512-4066-B6FD-8C06BB425165}.Release|Any CPU.ActiveCfg = Release|Any CPU
		{9959F77E-5512-4066-B6FD-8C06BB425165}.Release|Any CPU.Build.0 = Release|Any CPU
		{5A21EFAA-C421-4535-B306-3FDF366CFFFC}.Debug|Any CPU.ActiveCfg = Debug|Any CPU
		{5A21EFAA-C421-4535-B306-3FDF366CFFFC}.Debug|Any CPU.Build.0 = Debug|Any CPU
		{5A21EFAA-C421-4535-B306-3FDF366CFFFC}.Release|Any CPU.ActiveCfg = Release|Any CPU
		{5A21EFAA-C421-4535-B306-3FDF366CFFFC}.Release|Any CPU.Build.0 = Release|Any CPU
	EndGlobalSection
	GlobalSection(SolutionProperties) = preSolution
		HideSolutionNode = FALSE
	EndGlobalSection
	GlobalSection(ExtensibilityGlobals) = postSolution
		SolutionGuid = {6F0DA4C0-6EB0-4A94-A72A-30054819298D}
	EndGlobalSection
EndGlobal
